
Microsoft Visual Studio Solution File, Format Version 12.00
# Visual Studio Version 16
VisualStudioVersion = 16.0.30114.105
MinimumVisualStudioVersion = 10.0.40219.1
Project("{FAE04EC0-301F-11D3-BF4B-00C04F79EFBC}") = "Sheet creator", "Sheet creator\Sheet creator.csproj", "{2C55B0AE-211D-481B-A220-EFCA650B1859}"
EndProject
Global
	GlobalSection(SolutionConfigurationPlatforms) = preSolution
		Debug|Any CPU = Debug|Any CPU
		Release|Any CPU = Release|Any CPU
	EndGlobalSection
	GlobalSection(ProjectConfigurationPlatforms) = postSolution
		{2C55B0AE-211D-481B-A220-EFCA650B1859}.Debug|Any CPU.ActiveCfg = Debug|Any CPU
		{2C55B0AE-211D-481B-A220-EFCA650B1859}.Debug|Any CPU.Build.0 = Debug|Any CPU
		{2C55B0AE-211D-481B-A220-EFCA650B1859}.Release|Any CPU.ActiveCfg = Release|Any CPU
		{2C55B0AE-211D-481B-A220-EFCA650B1859}.Release|Any CPU.Build.0 = Release|Any CPU
	EndGlobalSection
	GlobalSection(SolutionProperties) = preSolution
		HideSolutionNode = FALSE
	EndGlobalSection
	GlobalSection(ExtensibilityGlobals) = postSolution
		SolutionGuid = {2944853B-F1D8-4F54-9D31-48CB36733B22}
	EndGlobalSection
EndGlobal
